
Microsoft Visual Studio Solution File, Format Version 11.00
# Visual Studio 2010
# SharpDevelop 5.1
Project("{FAE04EC0-301F-11D3-BF4B-00C04F79EFBC}") = "Task2c_PrintOnlyEvenNumbers", "Task2c_PrintOnlyEvenNumbers\Task2c_PrintOnlyEvenNumbers.csproj", "{58024E4D-68B8-4F09-ADDB-8DC626830FA6}"
EndProject
Global
	GlobalSection(SolutionConfigurationPlatforms) = preSolution
		Debug|Any CPU = Debug|Any CPU
		Release|Any CPU = Release|Any CPU
	EndGlobalSection
	GlobalSection(ProjectConfigurationPlatforms) = postSolution
		{58024E4D-68B8-4F09-ADDB-8DC626830FA6}.Debug|Any CPU.ActiveCfg = Debug|Any CPU
		{58024E4D-68B8-4F09-ADDB-8DC626830FA6}.Debug|Any CPU.Build.0 = Debug|Any CPU
		{58024E4D-68B8-4F09-ADDB-8DC626830FA6}.Release|Any CPU.ActiveCfg = Release|Any CPU
		{58024E4D-68B8-4F09-ADDB-8DC626830FA6}.Release|Any CPU.Build.0 = Release|Any CPU
	EndGlobalSection
EndGlobal
